{
  "name": "node_1",
  "version": "1.0.0",
  "lockfileVersion": 3,
  "requires": true,
  "packages": {
    "": {
      "name": "node_1",
      "version": "1.0.0",
      "license": "ISC",
      "dependencies": {
        "node_1_pack_kefirchick": "^1.0.0"
      }
    },
    "node_modules/node_1_pack_kefirchick": {
      "version": "1.0.0",
      "resolved": "https://registry.npmjs.org/node_1_pack_kefirchick/-/node_1_pack_kefirchick-1.0.0.tgz",
      "integrity": "sha512-oJJ4WwkVToufxzHUvVyr0/NXG9NEuiXybkhhEbv9vfCxdYe4qCc2AaXz+OkPcN6iU7MNpmc9i6EAy8C9JadR5w=="
    }
  }
}
